
Microsoft Visual Studio Solution File, Format Version 12.00
# Visual Studio 15
VisualStudioVersion = 15.0.28307.168
MinimumVisualStudioVersion = 10.0.40219.1
Project("{9A19103F-16F7-4668-BE54-9A1E7A4F7556}") = "ToolShed.API", "ToolShed.API\ToolShed.API.csproj", "{874BBE4F-DF65-49C1-994C-A026D1B429A6}"
EndProject
Project("{9A19103F-16F7-4668-BE54-9A1E7A4F7556}") = "ToolsShed.Scheduler", "ToolsShed.Scheduler\ToolsShed.Scheduler.csproj", "{72A5AE0E-F2CC-4A1F-BB72-715DF2AE1174}"
EndProject
Project("{9A19103F-16F7-4668-BE54-9A1E7A4F7556}") = "ToolShed.Models", "Toolshed.Models\ToolShed.Models.csproj", "{9ACB8AEE-5D53-4DDE-B243-0FFA1C5715AE}"
EndProject
Project("{9A19103F-16F7-4668-BE54-9A1E7A4F7556}") = "ToolShed.DispenserActions", "ToolShed.DispenserActions\ToolShed.DispenserActions.csproj", "{380353BD-A95B-4122-A6A9-AFC4CD7BE20A}"
EndProject
Project("{9A19103F-16F7-4668-BE54-9A1E7A4F7556}") = "ToolShed.Web", "ToolShed.Web\ToolShed.Web.csproj", "{B1B3A044-4305-4069-9C72-A7798E81E7B7}"
EndProject
Project("{9A19103F-16F7-4668-BE54-9A1E7A4F7556}") = "ToolShed.Dispensers", "ToolShed.Dispensers\ToolShed.Dispensers.csproj", "{539C4F49-242A-4014-ABE3-4F7840F51656}"
EndProject
Project("{9A19103F-16F7-4668-BE54-9A1E7A4F7556}") = "ToolShed.Repository", "ToolShed.Repository\ToolShed.Repository.csproj", "{368298E8-39CF-4C7D-9ACB-37C1346A2575}"
EndProject
Project("{9A19103F-16F7-4668-BE54-9A1E7A4F7556}") = "ToolShed.Repository.Tests", "ToolShed.Repository.Tests\ToolShed.Repository.Tests.csproj", "{1CEECF66-F58B-454B-BCCB-290D999D54B1}"
EndProject
Project("{FAE04EC0-301F-11D3-BF4B-00C04F79EFBC}") = "ToolShed.IotHub", "ToolShed.IotHub\ToolShed.IotHub.csproj", "{1D41666C-29EE-456B-8CB6-29E9AB2FF43A}"
EndProject
Global
	GlobalSection(SolutionConfigurationPlatforms) = preSolution
		Debug|Any CPU = Debug|Any CPU
		Release|Any CPU = Release|Any CPU
	EndGlobalSection
	GlobalSection(ProjectConfigurationPlatforms) = postSolution
		{874BBE4F-DF65-49C1-994C-A026D1B429A6}.Debug|Any CPU.ActiveCfg = Debug|Any CPU
		{874BBE4F-DF65-49C1-994C-A026D1B429A6}.Debug|Any CPU.Build.0 = Debug|Any CPU
		{874BBE4F-DF65-49C1-994C-A026D1B429A6}.Release|Any CPU.ActiveCfg = Release|Any CPU
		{874BBE4F-DF65-49C1-994C-A026D1B429A6}.Release|Any CPU.Build.0 = Release|Any CPU
		{72A5AE0E-F2CC-4A1F-BB72-715DF2AE1174}.Debug|Any CPU.ActiveCfg = Debug|Any CPU
		{72A5AE0E-F2CC-4A1F-BB72-715DF2AE1174}.Debug|Any CPU.Build.0 = Debug|Any CPU
		{72A5AE0E-F2CC-4A1F-BB72-715DF2AE1174}.Release|Any CPU.ActiveCfg = Release|Any CPU
		{72A5AE0E-F2CC-4A1F-BB72-715DF2AE1174}.Release|Any CPU.Build.0 = Release|Any CPU
		{9ACB8AEE-5D53-4DDE-B243-0FFA1C5715AE}.Debug|Any CPU.ActiveCfg = Debug|Any CPU
		{9ACB8AEE-5D53-4DDE-B243-0FFA1C5715AE}.Debug|Any CPU.Build.0 = Debug|Any CPU
		{9ACB8AEE-5D53-4DDE-B243-0FFA1C5715AE}.Release|Any CPU.ActiveCfg = Release|Any CPU
		{9ACB8AEE-5D53-4DDE-B243-0FFA1C5715AE}.Release|Any CPU.Build.0 = Release|Any CPU
		{380353BD-A95B-4122-A6A9-AFC4CD7BE20A}.Debug|Any CPU.ActiveCfg = Debug|Any CPU
		{380353BD-A95B-4122-A6A9-AFC4CD7BE20A}.Debug|Any CPU.Build.0 = Debug|Any CPU
		{380353BD-A95B-4122-A6A9-AFC4CD7BE20A}.Release|Any CPU.ActiveCfg = Release|Any CPU
		{380353BD-A95B-4122-A6A9-AFC4CD7BE20A}.Release|Any CPU.Build.0 = Release|Any CPU
		{B1B3A044-4305-4069-9C72-A7798E81E7B7}.Debug|Any CPU.ActiveCfg = Debug|Any CPU
		{B1B3A044-4305-4069-9C72-A7798E81E7B7}.Debug|Any CPU.Build.0 = Debug|Any CPU
		{B1B3A044-4305-4069-9C72-A7798E81E7B7}.Release|Any CPU.ActiveCfg = Release|Any CPU
		{B1B3A044-4305-4069-9C72-A7798E81E7B7}.Release|Any CPU.Build.0 = Release|Any CPU
		{539C4F49-242A-4014-ABE3-4F7840F51656}.Debug|Any CPU.ActiveCfg = Debug|Any CPU
		{539C4F49-242A-4014-ABE3-4F7840F51656}.Debug|Any CPU.Build.0 = Debug|Any CPU
		{539C4F49-242A-4014-ABE3-4F7840F51656}.Release|Any CPU.ActiveCfg = Release|Any CPU
		{539C4F49-242A-4014-ABE3-4F7840F51656}.Release|Any CPU.Build.0 = Release|Any CPU
		{368298E8-39CF-4C7D-9ACB-37C1346A2575}.Debug|Any CPU.ActiveCfg = Debug|Any CPU
		{368298E8-39CF-4C7D-9ACB-37C1346A2575}.Debug|Any CPU.Build.0 = Debug|Any CPU
		{368298E8-39CF-4C7D-9ACB-37C1346A2575}.Release|Any CPU.ActiveCfg = Release|Any CPU
		{368298E8-39CF-4C7D-9ACB-37C1346A2575}.Release|Any CPU.Build.0 = Release|Any CPU
		{1CEECF66-F58B-454B-BCCB-290D999D54B1}.Debug|Any CPU.ActiveCfg = Debug|Any CPU
		{1CEECF66-F58B-454B-BCCB-290D999D54B1}.Debug|Any CPU.Build.0 = Debug|Any CPU
		{1CEECF66-F58B-454B-BCCB-290D999D54B1}.Release|Any CPU.ActiveCfg = Release|Any CPU
		{1CEECF66-F58B-454B-BCCB-290D999D54B1}.Release|Any CPU.Build.0 = Release|Any CPU
		{1D41666C-29EE-456B-8CB6-29E9AB2FF43A}.Debug|Any CPU.ActiveCfg = Debug|Any CPU
		{1D41666C-29EE-456B-8CB6-29E9AB2FF43A}.Debug|Any CPU.Build.0 = Debug|Any CPU
		{1D41666C-29EE-456B-8CB6-29E9AB2FF43A}.Release|Any CPU.ActiveCfg = Release|Any CPU
		{1D41666C-29EE-456B-8CB6-29E9AB2FF43A}.Release|Any CPU.Build.0 = Release|Any CPU
	EndGlobalSection
	GlobalSection(SolutionProperties) = preSolution
		HideSolutionNode = FALSE
	EndGlobalSection
	GlobalSection(ExtensibilityGlobals) = postSolution
		SolutionGuid = {A5EA1FA3-67DC-42CB-BF10-D96869F09995}
	EndGlobalSection
EndGlobal
