
Microsoft Visual Studio Solution File, Format Version 12.00
# Visual Studio 15
VisualStudioVersion = 15.0.28307.168
MinimumVisualStudioVersion = 10.0.40219.1
Project("{9A19103F-16F7-4668-BE54-9A1E7A4F7556}") = "ToolShed.API", "ToolShed.API\ToolShed.API.csproj", "{874BBE4F-DF65-49C1-994C-A026D1B429A6}"
EndProject
Project("{9A19103F-16F7-4668-BE54-9A1E7A4F7556}") = "ToolShed.Models", "Toolshed.Models\ToolShed.Models.csproj", "{9ACB8AEE-5D53-4DDE-B243-0FFA1C5715AE}"
EndProject
Project("{9A19103F-16F7-4668-BE54-9A1E7A4F7556}") = "ToolShed.Web", "ToolShed.Web\ToolShed.Web.csproj", "{B1B3A044-4305-4069-9C72-A7798E81E7B7}"
EndProject
Project("{9A19103F-16F7-4668-BE54-9A1E7A4F7556}") = "ToolShed.Repository", "ToolShed.Repository\ToolShed.Repository.csproj", "{368298E8-39CF-4C7D-9ACB-37C1346A2575}"
EndProject
Project("{9A19103F-16F7-4668-BE54-9A1E7A4F7556}") = "ToolShed.Repository.Tests", "ToolShed.Repository.Tests\ToolShed.Repository.Tests.csproj", "{1CEECF66-F58B-454B-BCCB-290D999D54B1}"
EndProject
Project("{9A19103F-16F7-4668-BE54-9A1E7A4F7556}") = "ToolShed.IotHub", "ToolShed.IotHub\ToolShed.IotHub.csproj", "{1D41666C-29EE-456B-8CB6-29E9AB2FF43A}"
EndProject
Project("{9A19103F-16F7-4668-BE54-9A1E7A4F7556}") = "ToolShed.Payment.API", "ToolShed.Payment.API\ToolShed.Payment.API.csproj", "{CFA295EB-BC46-4F3D-8D82-28ACF9E18A89}"
EndProject
Project("{9A19103F-16F7-4668-BE54-9A1E7A4F7556}") = "ToolShed.Payments", "ToolShed.Payments\ToolShed.Payments.csproj", "{CF03BEE0-E65F-4FA6-BC81-B0438461D814}"
EndProject
Project("{9A19103F-16F7-4668-BE54-9A1E7A4F7556}") = "ToolShed.Renting.Tests", "ToolShed.Renting.Tests\ToolShed.Renting.Tests.csproj", "{36970554-AE45-4871-8BFE-CA5A2AED87F5}"
EndProject
Project("{9A19103F-16F7-4668-BE54-9A1E7A4F7556}") = "ToolShed.Dispensers", "ToolShed.Dispensers\ToolShed.Dispensers.csproj", "{4D88CD41-DB25-44D9-9FFF-3F2B5D12CBBD}"
EndProject
Project("{9A19103F-16F7-4668-BE54-9A1E7A4F7556}") = "ToolShed.Orders", "ToolShed.Orders\ToolShed.Orders.csproj", "{0448B9BF-4464-462B-A19B-C621668076C2}"
EndProject
Project("{FAE04EC0-301F-11D3-BF4B-00C04F79EFBC}") = "ToolShed.Renting", "ToolShed.Renting\ToolShed.Renting.csproj", "{D1280E9F-16FB-4E67-9A5C-966A83738E52}"
EndProject
Project("{FAE04EC0-301F-11D3-BF4B-00C04F79EFBC}") = "ToolShed.Inventory", "ToolShed.Inventory\ToolShed.Inventory.csproj", "{FB9E130C-124D-49B3-BC8E-07215D943FD2}"
EndProject
Project("{FAE04EC0-301F-11D3-BF4B-00C04F79EFBC}") = "ToolShed.Services", "ToolShed.Services\ToolShed.Services.csproj", "{DF371C8D-38A4-49CB-B9D5-61A536E57D48}"
EndProject
Project("{FAE04EC0-301F-11D3-BF4B-00C04F79EFBC}") = "ToolShed.Helpers", "ToolShed.Helpers\ToolShed.Helpers.csproj", "{A1910230-0491-48BD-A984-6A190263021E}"
EndProject
Project("{FAE04EC0-301F-11D3-BF4B-00C04F79EFBC}") = "ToolShed.Services.Tests", "ToolShed.Services.Tests\ToolShed.Services.Tests.csproj", "{AAAC6CB6-90BB-4901-8273-07467D5EC9DA}"
EndProject
Project("{FAE04EC0-301F-11D3-BF4B-00C04F79EFBC}") = "ToolShed.Mobile.Android", "ToolShed.Mobile\ToolShed.Mobile.Android\ToolShed.Mobile.Android.csproj", "{24CE3C36-16B9-426D-AA0C-5961ECF8D88C}"
EndProject
Project("{FAE04EC0-301F-11D3-BF4B-00C04F79EFBC}") = "ToolShed.Mobile.iOS", "ToolShed.Mobile\ToolShed.Mobile.iOS\ToolShed.Mobile.iOS.csproj", "{42E81CEE-ED84-48F5-8F6B-B501182DB89A}"
EndProject
Project("{FAE04EC0-301F-11D3-BF4B-00C04F79EFBC}") = "ToolShed.Mobile.UWP", "ToolShed.Mobile\ToolShed.Mobile.UWP\ToolShed.Mobile.UWP.csproj", "{5181CC35-B845-415E-8CFB-9E017C85E4C2}"
EndProject
Project("{FAE04EC0-301F-11D3-BF4B-00C04F79EFBC}") = "ToolShed.Mobile", "ToolShed.Mobile\ToolShed.Mobile\ToolShed.Mobile.csproj", "{EB3ACF4E-7031-4ED7-9A9B-C2AC204D7607}"
EndProject
Global
	GlobalSection(SolutionConfigurationPlatforms) = preSolution
		Debug|Any CPU = Debug|Any CPU
		Debug|ARM = Debug|ARM
		Debug|iPhone = Debug|iPhone
		Debug|iPhoneSimulator = Debug|iPhoneSimulator
		Debug|x64 = Debug|x64
		Debug|x86 = Debug|x86
		Release|Any CPU = Release|Any CPU
		Release|ARM = Release|ARM
		Release|iPhone = Release|iPhone
		Release|iPhoneSimulator = Release|iPhoneSimulator
		Release|x64 = Release|x64
		Release|x86 = Release|x86
	EndGlobalSection
	GlobalSection(ProjectConfigurationPlatforms) = postSolution
		{874BBE4F-DF65-49C1-994C-A026D1B429A6}.Debug|Any CPU.ActiveCfg = Debug|Any CPU
		{874BBE4F-DF65-49C1-994C-A026D1B429A6}.Debug|Any CPU.Build.0 = Debug|Any CPU
		{874BBE4F-DF65-49C1-994C-A026D1B429A6}.Debug|ARM.ActiveCfg = Debug|Any CPU
		{874BBE4F-DF65-49C1-994C-A026D1B429A6}.Debug|ARM.Build.0 = Debug|Any CPU
		{874BBE4F-DF65-49C1-994C-A026D1B429A6}.Debug|iPhone.ActiveCfg = Debug|Any CPU
		{874BBE4F-DF65-49C1-994C-A026D1B429A6}.Debug|iPhone.Build.0 = Debug|Any CPU
		{874BBE4F-DF65-49C1-994C-A026D1B429A6}.Debug|iPhoneSimulator.ActiveCfg = Debug|Any CPU
		{874BBE4F-DF65-49C1-994C-A026D1B429A6}.Debug|iPhoneSimulator.Build.0 = Debug|Any CPU
		{874BBE4F-DF65-49C1-994C-A026D1B429A6}.Debug|x64.ActiveCfg = Debug|Any CPU
		{874BBE4F-DF65-49C1-994C-A026D1B429A6}.Debug|x64.Build.0 = Debug|Any CPU
		{874BBE4F-DF65-49C1-994C-A026D1B429A6}.Debug|x86.ActiveCfg = Debug|Any CPU
		{874BBE4F-DF65-49C1-994C-A026D1B429A6}.Debug|x86.Build.0 = Debug|Any CPU
		{874BBE4F-DF65-49C1-994C-A026D1B429A6}.Release|Any CPU.ActiveCfg = Release|Any CPU
		{874BBE4F-DF65-49C1-994C-A026D1B429A6}.Release|Any CPU.Build.0 = Release|Any CPU
		{874BBE4F-DF65-49C1-994C-A026D1B429A6}.Release|ARM.ActiveCfg = Release|Any CPU
		{874BBE4F-DF65-49C1-994C-A026D1B429A6}.Release|ARM.Build.0 = Release|Any CPU
		{874BBE4F-DF65-49C1-994C-A026D1B429A6}.Release|iPhone.ActiveCfg = Release|Any CPU
		{874BBE4F-DF65-49C1-994C-A026D1B429A6}.Release|iPhone.Build.0 = Release|Any CPU
		{874BBE4F-DF65-49C1-994C-A026D1B429A6}.Release|iPhoneSimulator.ActiveCfg = Release|Any CPU
		{874BBE4F-DF65-49C1-994C-A026D1B429A6}.Release|iPhoneSimulator.Build.0 = Release|Any CPU
		{874BBE4F-DF65-49C1-994C-A026D1B429A6}.Release|x64.ActiveCfg = Release|Any CPU
		{874BBE4F-DF65-49C1-994C-A026D1B429A6}.Release|x64.Build.0 = Release|Any CPU
		{874BBE4F-DF65-49C1-994C-A026D1B429A6}.Release|x86.ActiveCfg = Release|Any CPU
		{874BBE4F-DF65-49C1-994C-A026D1B429A6}.Release|x86.Build.0 = Release|Any CPU
		{9ACB8AEE-5D53-4DDE-B243-0FFA1C5715AE}.Debug|Any CPU.ActiveCfg = Debug|Any CPU
		{9ACB8AEE-5D53-4DDE-B243-0FFA1C5715AE}.Debug|Any CPU.Build.0 = Debug|Any CPU
		{9ACB8AEE-5D53-4DDE-B243-0FFA1C5715AE}.Debug|ARM.ActiveCfg = Debug|Any CPU
		{9ACB8AEE-5D53-4DDE-B243-0FFA1C5715AE}.Debug|ARM.Build.0 = Debug|Any CPU
		{9ACB8AEE-5D53-4DDE-B243-0FFA1C5715AE}.Debug|iPhone.ActiveCfg = Debug|Any CPU
		{9ACB8AEE-5D53-4DDE-B243-0FFA1C5715AE}.Debug|iPhone.Build.0 = Debug|Any CPU
		{9ACB8AEE-5D53-4DDE-B243-0FFA1C5715AE}.Debug|iPhoneSimulator.ActiveCfg = Debug|Any CPU
		{9ACB8AEE-5D53-4DDE-B243-0FFA1C5715AE}.Debug|iPhoneSimulator.Build.0 = Debug|Any CPU
		{9ACB8AEE-5D53-4DDE-B243-0FFA1C5715AE}.Debug|x64.ActiveCfg = Debug|Any CPU
		{9ACB8AEE-5D53-4DDE-B243-0FFA1C5715AE}.Debug|x64.Build.0 = Debug|Any CPU
		{9ACB8AEE-5D53-4DDE-B243-0FFA1C5715AE}.Debug|x86.ActiveCfg = Debug|Any CPU
		{9ACB8AEE-5D53-4DDE-B243-0FFA1C5715AE}.Debug|x86.Build.0 = Debug|Any CPU
		{9ACB8AEE-5D53-4DDE-B243-0FFA1C5715AE}.Release|Any CPU.ActiveCfg = Release|Any CPU
		{9ACB8AEE-5D53-4DDE-B243-0FFA1C5715AE}.Release|Any CPU.Build.0 = Release|Any CPU
		{9ACB8AEE-5D53-4DDE-B243-0FFA1C5715AE}.Release|ARM.ActiveCfg = Release|Any CPU
		{9ACB8AEE-5D53-4DDE-B243-0FFA1C5715AE}.Release|ARM.Build.0 = Release|Any CPU
		{9ACB8AEE-5D53-4DDE-B243-0FFA1C5715AE}.Release|iPhone.ActiveCfg = Release|Any CPU
		{9ACB8AEE-5D53-4DDE-B243-0FFA1C5715AE}.Release|iPhone.Build.0 = Release|Any CPU
		{9ACB8AEE-5D53-4DDE-B243-0FFA1C5715AE}.Release|iPhoneSimulator.ActiveCfg = Release|Any CPU
		{9ACB8AEE-5D53-4DDE-B243-0FFA1C5715AE}.Release|iPhoneSimulator.Build.0 = Release|Any CPU
		{9ACB8AEE-5D53-4DDE-B243-0FFA1C5715AE}.Release|x64.ActiveCfg = Release|Any CPU
		{9ACB8AEE-5D53-4DDE-B243-0FFA1C5715AE}.Release|x64.Build.0 = Release|Any CPU
		{9ACB8AEE-5D53-4DDE-B243-0FFA1C5715AE}.Release|x86.ActiveCfg = Release|Any CPU
		{9ACB8AEE-5D53-4DDE-B243-0FFA1C5715AE}.Release|x86.Build.0 = Release|Any CPU
		{B1B3A044-4305-4069-9C72-A7798E81E7B7}.Debug|Any CPU.ActiveCfg = Debug|Any CPU
		{B1B3A044-4305-4069-9C72-A7798E81E7B7}.Debug|Any CPU.Build.0 = Debug|Any CPU
		{B1B3A044-4305-4069-9C72-A7798E81E7B7}.Debug|ARM.ActiveCfg = Debug|Any CPU
		{B1B3A044-4305-4069-9C72-A7798E81E7B7}.Debug|ARM.Build.0 = Debug|Any CPU
		{B1B3A044-4305-4069-9C72-A7798E81E7B7}.Debug|iPhone.ActiveCfg = Debug|Any CPU
		{B1B3A044-4305-4069-9C72-A7798E81E7B7}.Debug|iPhone.Build.0 = Debug|Any CPU
		{B1B3A044-4305-4069-9C72-A7798E81E7B7}.Debug|iPhoneSimulator.ActiveCfg = Debug|Any CPU
		{B1B3A044-4305-4069-9C72-A7798E81E7B7}.Debug|iPhoneSimulator.Build.0 = Debug|Any CPU
		{B1B3A044-4305-4069-9C72-A7798E81E7B7}.Debug|x64.ActiveCfg = Debug|Any CPU
		{B1B3A044-4305-4069-9C72-A7798E81E7B7}.Debug|x64.Build.0 = Debug|Any CPU
		{B1B3A044-4305-4069-9C72-A7798E81E7B7}.Debug|x86.ActiveCfg = Debug|Any CPU
		{B1B3A044-4305-4069-9C72-A7798E81E7B7}.Debug|x86.Build.0 = Debug|Any CPU
		{B1B3A044-4305-4069-9C72-A7798E81E7B7}.Release|Any CPU.ActiveCfg = Release|Any CPU
		{B1B3A044-4305-4069-9C72-A7798E81E7B7}.Release|Any CPU.Build.0 = Release|Any CPU
		{B1B3A044-4305-4069-9C72-A7798E81E7B7}.Release|ARM.ActiveCfg = Release|Any CPU
		{B1B3A044-4305-4069-9C72-A7798E81E7B7}.Release|ARM.Build.0 = Release|Any CPU
		{B1B3A044-4305-4069-9C72-A7798E81E7B7}.Release|iPhone.ActiveCfg = Release|Any CPU
		{B1B3A044-4305-4069-9C72-A7798E81E7B7}.Release|iPhone.Build.0 = Release|Any CPU
		{B1B3A044-4305-4069-9C72-A7798E81E7B7}.Release|iPhoneSimulator.ActiveCfg = Release|Any CPU
		{B1B3A044-4305-4069-9C72-A7798E81E7B7}.Release|iPhoneSimulator.Build.0 = Release|Any CPU
		{B1B3A044-4305-4069-9C72-A7798E81E7B7}.Release|x64.ActiveCfg = Release|Any CPU
		{B1B3A044-4305-4069-9C72-A7798E81E7B7}.Release|x64.Build.0 = Release|Any CPU
		{B1B3A044-4305-4069-9C72-A7798E81E7B7}.Release|x86.ActiveCfg = Release|Any CPU
		{B1B3A044-4305-4069-9C72-A7798E81E7B7}.Release|x86.Build.0 = Release|Any CPU
		{368298E8-39CF-4C7D-9ACB-37C1346A2575}.Debug|Any CPU.ActiveCfg = Debug|Any CPU
		{368298E8-39CF-4C7D-9ACB-37C1346A2575}.Debug|Any CPU.Build.0 = Debug|Any CPU
		{368298E8-39CF-4C7D-9ACB-37C1346A2575}.Debug|ARM.ActiveCfg = Debug|Any CPU
		{368298E8-39CF-4C7D-9ACB-37C1346A2575}.Debug|ARM.Build.0 = Debug|Any CPU
		{368298E8-39CF-4C7D-9ACB-37C1346A2575}.Debug|iPhone.ActiveCfg = Debug|Any CPU
		{368298E8-39CF-4C7D-9ACB-37C1346A2575}.Debug|iPhone.Build.0 = Debug|Any CPU
		{368298E8-39CF-4C7D-9ACB-37C1346A2575}.Debug|iPhoneSimulator.ActiveCfg = Debug|Any CPU
		{368298E8-39CF-4C7D-9ACB-37C1346A2575}.Debug|iPhoneSimulator.Build.0 = Debug|Any CPU
		{368298E8-39CF-4C7D-9ACB-37C1346A2575}.Debug|x64.ActiveCfg = Debug|Any CPU
		{368298E8-39CF-4C7D-9ACB-37C1346A2575}.Debug|x64.Build.0 = Debug|Any CPU
		{368298E8-39CF-4C7D-9ACB-37C1346A2575}.Debug|x86.ActiveCfg = Debug|Any CPU
		{368298E8-39CF-4C7D-9ACB-37C1346A2575}.Debug|x86.Build.0 = Debug|Any CPU
		{368298E8-39CF-4C7D-9ACB-37C1346A2575}.Release|Any CPU.ActiveCfg = Release|Any CPU
		{368298E8-39CF-4C7D-9ACB-37C1346A2575}.Release|Any CPU.Build.0 = Release|Any CPU
		{368298E8-39CF-4C7D-9ACB-37C1346A2575}.Release|ARM.ActiveCfg = Release|Any CPU
		{368298E8-39CF-4C7D-9ACB-37C1346A2575}.Release|ARM.Build.0 = Release|Any CPU
		{368298E8-39CF-4C7D-9ACB-37C1346A2575}.Release|iPhone.ActiveCfg = Release|Any CPU
		{368298E8-39CF-4C7D-9ACB-37C1346A2575}.Release|iPhone.Build.0 = Release|Any CPU
		{368298E8-39CF-4C7D-9ACB-37C1346A2575}.Release|iPhoneSimulator.ActiveCfg = Release|Any CPU
		{368298E8-39CF-4C7D-9ACB-37C1346A2575}.Release|iPhoneSimulator.Build.0 = Release|Any CPU
		{368298E8-39CF-4C7D-9ACB-37C1346A2575}.Release|x64.ActiveCfg = Release|Any CPU
		{368298E8-39CF-4C7D-9ACB-37C1346A2575}.Release|x64.Build.0 = Release|Any CPU
		{368298E8-39CF-4C7D-9ACB-37C1346A2575}.Release|x86.ActiveCfg = Release|Any CPU
		{368298E8-39CF-4C7D-9ACB-37C1346A2575}.Release|x86.Build.0 = Release|Any CPU
		{1CEECF66-F58B-454B-BCCB-290D999D54B1}.Debug|Any CPU.ActiveCfg = Debug|Any CPU
		{1CEECF66-F58B-454B-BCCB-290D999D54B1}.Debug|Any CPU.Build.0 = Debug|Any CPU
		{1CEECF66-F58B-454B-BCCB-290D999D54B1}.Debug|ARM.ActiveCfg = Debug|Any CPU
		{1CEECF66-F58B-454B-BCCB-290D999D54B1}.Debug|ARM.Build.0 = Debug|Any CPU
		{1CEECF66-F58B-454B-BCCB-290D999D54B1}.Debug|iPhone.ActiveCfg = Debug|Any CPU
		{1CEECF66-F58B-454B-BCCB-290D999D54B1}.Debug|iPhone.Build.0 = Debug|Any CPU
		{1CEECF66-F58B-454B-BCCB-290D999D54B1}.Debug|iPhoneSimulator.ActiveCfg = Debug|Any CPU
		{1CEECF66-F58B-454B-BCCB-290D999D54B1}.Debug|iPhoneSimulator.Build.0 = Debug|Any CPU
		{1CEECF66-F58B-454B-BCCB-290D999D54B1}.Debug|x64.ActiveCfg = Debug|Any CPU
		{1CEECF66-F58B-454B-BCCB-290D999D54B1}.Debug|x64.Build.0 = Debug|Any CPU
		{1CEECF66-F58B-454B-BCCB-290D999D54B1}.Debug|x86.ActiveCfg = Debug|Any CPU
		{1CEECF66-F58B-454B-BCCB-290D999D54B1}.Debug|x86.Build.0 = Debug|Any CPU
		{1CEECF66-F58B-454B-BCCB-290D999D54B1}.Release|Any CPU.ActiveCfg = Release|Any CPU
		{1CEECF66-F58B-454B-BCCB-290D999D54B1}.Release|Any CPU.Build.0 = Release|Any CPU
		{1CEECF66-F58B-454B-BCCB-290D999D54B1}.Release|ARM.ActiveCfg = Release|Any CPU
		{1CEECF66-F58B-454B-BCCB-290D999D54B1}.Release|ARM.Build.0 = Release|Any CPU
		{1CEECF66-F58B-454B-BCCB-290D999D54B1}.Release|iPhone.ActiveCfg = Release|Any CPU
		{1CEECF66-F58B-454B-BCCB-290D999D54B1}.Release|iPhone.Build.0 = Release|Any CPU
		{1CEECF66-F58B-454B-BCCB-290D999D54B1}.Release|iPhoneSimulator.ActiveCfg = Release|Any CPU
		{1CEECF66-F58B-454B-BCCB-290D999D54B1}.Release|iPhoneSimulator.Build.0 = Release|Any CPU
		{1CEECF66-F58B-454B-BCCB-290D999D54B1}.Release|x64.ActiveCfg = Release|Any CPU
		{1CEECF66-F58B-454B-BCCB-290D999D54B1}.Release|x64.Build.0 = Release|Any CPU
		{1CEECF66-F58B-454B-BCCB-290D999D54B1}.Release|x86.ActiveCfg = Release|Any CPU
		{1CEECF66-F58B-454B-BCCB-290D999D54B1}.Release|x86.Build.0 = Release|Any CPU
		{1D41666C-29EE-456B-8CB6-29E9AB2FF43A}.Debug|Any CPU.ActiveCfg = Debug|Any CPU
		{1D41666C-29EE-456B-8CB6-29E9AB2FF43A}.Debug|Any CPU.Build.0 = Debug|Any CPU
		{1D41666C-29EE-456B-8CB6-29E9AB2FF43A}.Debug|ARM.ActiveCfg = Debug|Any CPU
		{1D41666C-29EE-456B-8CB6-29E9AB2FF43A}.Debug|ARM.Build.0 = Debug|Any CPU
		{1D41666C-29EE-456B-8CB6-29E9AB2FF43A}.Debug|iPhone.ActiveCfg = Debug|Any CPU
		{1D41666C-29EE-456B-8CB6-29E9AB2FF43A}.Debug|iPhone.Build.0 = Debug|Any CPU
		{1D41666C-29EE-456B-8CB6-29E9AB2FF43A}.Debug|iPhoneSimulator.ActiveCfg = Debug|Any CPU
		{1D41666C-29EE-456B-8CB6-29E9AB2FF43A}.Debug|iPhoneSimulator.Build.0 = Debug|Any CPU
		{1D41666C-29EE-456B-8CB6-29E9AB2FF43A}.Debug|x64.ActiveCfg = Debug|Any CPU
		{1D41666C-29EE-456B-8CB6-29E9AB2FF43A}.Debug|x64.Build.0 = Debug|Any CPU
		{1D41666C-29EE-456B-8CB6-29E9AB2FF43A}.Debug|x86.ActiveCfg = Debug|Any CPU
		{1D41666C-29EE-456B-8CB6-29E9AB2FF43A}.Debug|x86.Build.0 = Debug|Any CPU
		{1D41666C-29EE-456B-8CB6-29E9AB2FF43A}.Release|Any CPU.ActiveCfg = Release|Any CPU
		{1D41666C-29EE-456B-8CB6-29E9AB2FF43A}.Release|Any CPU.Build.0 = Release|Any CPU
		{1D41666C-29EE-456B-8CB6-29E9AB2FF43A}.Release|ARM.ActiveCfg = Release|Any CPU
		{1D41666C-29EE-456B-8CB6-29E9AB2FF43A}.Release|ARM.Build.0 = Release|Any CPU
		{1D41666C-29EE-456B-8CB6-29E9AB2FF43A}.Release|iPhone.ActiveCfg = Release|Any CPU
		{1D41666C-29EE-456B-8CB6-29E9AB2FF43A}.Release|iPhone.Build.0 = Release|Any CPU
		{1D41666C-29EE-456B-8CB6-29E9AB2FF43A}.Release|iPhoneSimulator.ActiveCfg = Release|Any CPU
		{1D41666C-29EE-456B-8CB6-29E9AB2FF43A}.Release|iPhoneSimulator.Build.0 = Release|Any CPU
		{1D41666C-29EE-456B-8CB6-29E9AB2FF43A}.Release|x64.ActiveCfg = Release|Any CPU
		{1D41666C-29EE-456B-8CB6-29E9AB2FF43A}.Release|x64.Build.0 = Release|Any CPU
		{1D41666C-29EE-456B-8CB6-29E9AB2FF43A}.Release|x86.ActiveCfg = Release|Any CPU
		{1D41666C-29EE-456B-8CB6-29E9AB2FF43A}.Release|x86.Build.0 = Release|Any CPU
		{CFA295EB-BC46-4F3D-8D82-28ACF9E18A89}.Debug|Any CPU.ActiveCfg = Debug|Any CPU
		{CFA295EB-BC46-4F3D-8D82-28ACF9E18A89}.Debug|Any CPU.Build.0 = Debug|Any CPU
		{CFA295EB-BC46-4F3D-8D82-28ACF9E18A89}.Debug|ARM.ActiveCfg = Debug|Any CPU
		{CFA295EB-BC46-4F3D-8D82-28ACF9E18A89}.Debug|ARM.Build.0 = Debug|Any CPU
		{CFA295EB-BC46-4F3D-8D82-28ACF9E18A89}.Debug|iPhone.ActiveCfg = Debug|Any CPU
		{CFA295EB-BC46-4F3D-8D82-28ACF9E18A89}.Debug|iPhone.Build.0 = Debug|Any CPU
		{CFA295EB-BC46-4F3D-8D82-28ACF9E18A89}.Debug|iPhoneSimulator.ActiveCfg = Debug|Any CPU
		{CFA295EB-BC46-4F3D-8D82-28ACF9E18A89}.Debug|iPhoneSimulator.Build.0 = Debug|Any CPU
		{CFA295EB-BC46-4F3D-8D82-28ACF9E18A89}.Debug|x64.ActiveCfg = Debug|Any CPU
		{CFA295EB-BC46-4F3D-8D82-28ACF9E18A89}.Debug|x64.Build.0 = Debug|Any CPU
		{CFA295EB-BC46-4F3D-8D82-28ACF9E18A89}.Debug|x86.ActiveCfg = Debug|Any CPU
		{CFA295EB-BC46-4F3D-8D82-28ACF9E18A89}.Debug|x86.Build.0 = Debug|Any CPU
		{CFA295EB-BC46-4F3D-8D82-28ACF9E18A89}.Release|Any CPU.ActiveCfg = Release|Any CPU
		{CFA295EB-BC46-4F3D-8D82-28ACF9E18A89}.Release|Any CPU.Build.0 = Release|Any CPU
		{CFA295EB-BC46-4F3D-8D82-28ACF9E18A89}.Release|ARM.ActiveCfg = Release|Any CPU
		{CFA295EB-BC46-4F3D-8D82-28ACF9E18A89}.Release|ARM.Build.0 = Release|Any CPU
		{CFA295EB-BC46-4F3D-8D82-28ACF9E18A89}.Release|iPhone.ActiveCfg = Release|Any CPU
		{CFA295EB-BC46-4F3D-8D82-28ACF9E18A89}.Release|iPhone.Build.0 = Release|Any CPU
		{CFA295EB-BC46-4F3D-8D82-28ACF9E18A89}.Release|iPhoneSimulator.ActiveCfg = Release|Any CPU
		{CFA295EB-BC46-4F3D-8D82-28ACF9E18A89}.Release|iPhoneSimulator.Build.0 = Release|Any CPU
		{CFA295EB-BC46-4F3D-8D82-28ACF9E18A89}.Release|x64.ActiveCfg = Release|Any CPU
		{CFA295EB-BC46-4F3D-8D82-28ACF9E18A89}.Release|x64.Build.0 = Release|Any CPU
		{CFA295EB-BC46-4F3D-8D82-28ACF9E18A89}.Release|x86.ActiveCfg = Release|Any CPU
		{CFA295EB-BC46-4F3D-8D82-28ACF9E18A89}.Release|x86.Build.0 = Release|Any CPU
		{CF03BEE0-E65F-4FA6-BC81-B0438461D814}.Debug|Any CPU.ActiveCfg = Debug|Any CPU
		{CF03BEE0-E65F-4FA6-BC81-B0438461D814}.Debug|Any CPU.Build.0 = Debug|Any CPU
		{CF03BEE0-E65F-4FA6-BC81-B0438461D814}.Debug|ARM.ActiveCfg = Debug|Any CPU
		{CF03BEE0-E65F-4FA6-BC81-B0438461D814}.Debug|ARM.Build.0 = Debug|Any CPU
		{CF03BEE0-E65F-4FA6-BC81-B0438461D814}.Debug|iPhone.ActiveCfg = Debug|Any CPU
		{CF03BEE0-E65F-4FA6-BC81-B0438461D814}.Debug|iPhone.Build.0 = Debug|Any CPU
		{CF03BEE0-E65F-4FA6-BC81-B0438461D814}.Debug|iPhoneSimulator.ActiveCfg = Debug|Any CPU
		{CF03BEE0-E65F-4FA6-BC81-B0438461D814}.Debug|iPhoneSimulator.Build.0 = Debug|Any CPU
		{CF03BEE0-E65F-4FA6-BC81-B0438461D814}.Debug|x64.ActiveCfg = Debug|Any CPU
		{CF03BEE0-E65F-4FA6-BC81-B0438461D814}.Debug|x64.Build.0 = Debug|Any CPU
		{CF03BEE0-E65F-4FA6-BC81-B0438461D814}.Debug|x86.ActiveCfg = Debug|Any CPU
		{CF03BEE0-E65F-4FA6-BC81-B0438461D814}.Debug|x86.Build.0 = Debug|Any CPU
		{CF03BEE0-E65F-4FA6-BC81-B0438461D814}.Release|Any CPU.ActiveCfg = Release|Any CPU
		{CF03BEE0-E65F-4FA6-BC81-B0438461D814}.Release|Any CPU.Build.0 = Release|Any CPU
		{CF03BEE0-E65F-4FA6-BC81-B0438461D814}.Release|ARM.ActiveCfg = Release|Any CPU
		{CF03BEE0-E65F-4FA6-BC81-B0438461D814}.Release|ARM.Build.0 = Release|Any CPU
		{CF03BEE0-E65F-4FA6-BC81-B0438461D814}.Release|iPhone.ActiveCfg = Release|Any CPU
		{CF03BEE0-E65F-4FA6-BC81-B0438461D814}.Release|iPhone.Build.0 = Release|Any CPU
		{CF03BEE0-E65F-4FA6-BC81-B0438461D814}.Release|iPhoneSimulator.ActiveCfg = Release|Any CPU
		{CF03BEE0-E65F-4FA6-BC81-B0438461D814}.Release|iPhoneSimulator.Build.0 = Release|Any CPU
		{CF03BEE0-E65F-4FA6-BC81-B0438461D814}.Release|x64.ActiveCfg = Release|Any CPU
		{CF03BEE0-E65F-4FA6-BC81-B0438461D814}.Release|x64.Build.0 = Release|Any CPU
		{CF03BEE0-E65F-4FA6-BC81-B0438461D814}.Release|x86.ActiveCfg = Release|Any CPU
		{CF03BEE0-E65F-4FA6-BC81-B0438461D814}.Release|x86.Build.0 = Release|Any CPU
		{36970554-AE45-4871-8BFE-CA5A2AED87F5}.Debug|Any CPU.ActiveCfg = Debug|Any CPU
		{36970554-AE45-4871-8BFE-CA5A2AED87F5}.Debug|Any CPU.Build.0 = Debug|Any CPU
		{36970554-AE45-4871-8BFE-CA5A2AED87F5}.Debug|ARM.ActiveCfg = Debug|Any CPU
		{36970554-AE45-4871-8BFE-CA5A2AED87F5}.Debug|ARM.Build.0 = Debug|Any CPU
		{36970554-AE45-4871-8BFE-CA5A2AED87F5}.Debug|iPhone.ActiveCfg = Debug|Any CPU
		{36970554-AE45-4871-8BFE-CA5A2AED87F5}.Debug|iPhone.Build.0 = Debug|Any CPU
		{36970554-AE45-4871-8BFE-CA5A2AED87F5}.Debug|iPhoneSimulator.ActiveCfg = Debug|Any CPU
		{36970554-AE45-4871-8BFE-CA5A2AED87F5}.Debug|iPhoneSimulator.Build.0 = Debug|Any CPU
		{36970554-AE45-4871-8BFE-CA5A2AED87F5}.Debug|x64.ActiveCfg = Debug|Any CPU
		{36970554-AE45-4871-8BFE-CA5A2AED87F5}.Debug|x64.Build.0 = Debug|Any CPU
		{36970554-AE45-4871-8BFE-CA5A2AED87F5}.Debug|x86.ActiveCfg = Debug|Any CPU
		{36970554-AE45-4871-8BFE-CA5A2AED87F5}.Debug|x86.Build.0 = Debug|Any CPU
		{36970554-AE45-4871-8BFE-CA5A2AED87F5}.Release|Any CPU.ActiveCfg = Release|Any CPU
		{36970554-AE45-4871-8BFE-CA5A2AED87F5}.Release|Any CPU.Build.0 = Release|Any CPU
		{36970554-AE45-4871-8BFE-CA5A2AED87F5}.Release|ARM.ActiveCfg = Release|Any CPU
		{36970554-AE45-4871-8BFE-CA5A2AED87F5}.Release|ARM.Build.0 = Release|Any CPU
		{36970554-AE45-4871-8BFE-CA5A2AED87F5}.Release|iPhone.ActiveCfg = Release|Any CPU
		{36970554-AE45-4871-8BFE-CA5A2AED87F5}.Release|iPhone.Build.0 = Release|Any CPU
		{36970554-AE45-4871-8BFE-CA5A2AED87F5}.Release|iPhoneSimulator.ActiveCfg = Release|Any CPU
		{36970554-AE45-4871-8BFE-CA5A2AED87F5}.Release|iPhoneSimulator.Build.0 = Release|Any CPU
		{36970554-AE45-4871-8BFE-CA5A2AED87F5}.Release|x64.ActiveCfg = Release|Any CPU
		{36970554-AE45-4871-8BFE-CA5A2AED87F5}.Release|x64.Build.0 = Release|Any CPU
		{36970554-AE45-4871-8BFE-CA5A2AED87F5}.Release|x86.ActiveCfg = Release|Any CPU
		{36970554-AE45-4871-8BFE-CA5A2AED87F5}.Release|x86.Build.0 = Release|Any CPU
		{4D88CD41-DB25-44D9-9FFF-3F2B5D12CBBD}.Debug|Any CPU.ActiveCfg = Debug|Any CPU
		{4D88CD41-DB25-44D9-9FFF-3F2B5D12CBBD}.Debug|Any CPU.Build.0 = Debug|Any CPU
		{4D88CD41-DB25-44D9-9FFF-3F2B5D12CBBD}.Debug|ARM.ActiveCfg = Debug|Any CPU
		{4D88CD41-DB25-44D9-9FFF-3F2B5D12CBBD}.Debug|ARM.Build.0 = Debug|Any CPU
		{4D88CD41-DB25-44D9-9FFF-3F2B5D12CBBD}.Debug|iPhone.ActiveCfg = Debug|Any CPU
		{4D88CD41-DB25-44D9-9FFF-3F2B5D12CBBD}.Debug|iPhone.Build.0 = Debug|Any CPU
		{4D88CD41-DB25-44D9-9FFF-3F2B5D12CBBD}.Debug|iPhoneSimulator.ActiveCfg = Debug|Any CPU
		{4D88CD41-DB25-44D9-9FFF-3F2B5D12CBBD}.Debug|iPhoneSimulator.Build.0 = Debug|Any CPU
		{4D88CD41-DB25-44D9-9FFF-3F2B5D12CBBD}.Debug|x64.ActiveCfg = Debug|Any CPU
		{4D88CD41-DB25-44D9-9FFF-3F2B5D12CBBD}.Debug|x64.Build.0 = Debug|Any CPU
		{4D88CD41-DB25-44D9-9FFF-3F2B5D12CBBD}.Debug|x86.ActiveCfg = Debug|Any CPU
		{4D88CD41-DB25-44D9-9FFF-3F2B5D12CBBD}.Debug|x86.Build.0 = Debug|Any CPU
		{4D88CD41-DB25-44D9-9FFF-3F2B5D12CBBD}.Release|Any CPU.ActiveCfg = Release|Any CPU
		{4D88CD41-DB25-44D9-9FFF-3F2B5D12CBBD}.Release|Any CPU.Build.0 = Release|Any CPU
		{4D88CD41-DB25-44D9-9FFF-3F2B5D12CBBD}.Release|ARM.ActiveCfg = Release|Any CPU
		{4D88CD41-DB25-44D9-9FFF-3F2B5D12CBBD}.Release|ARM.Build.0 = Release|Any CPU
		{4D88CD41-DB25-44D9-9FFF-3F2B5D12CBBD}.Release|iPhone.ActiveCfg = Release|Any CPU
		{4D88CD41-DB25-44D9-9FFF-3F2B5D12CBBD}.Release|iPhone.Build.0 = Release|Any CPU
		{4D88CD41-DB25-44D9-9FFF-3F2B5D12CBBD}.Release|iPhoneSimulator.ActiveCfg = Release|Any CPU
		{4D88CD41-DB25-44D9-9FFF-3F2B5D12CBBD}.Release|iPhoneSimulator.Build.0 = Release|Any CPU
		{4D88CD41-DB25-44D9-9FFF-3F2B5D12CBBD}.Release|x64.ActiveCfg = Release|Any CPU
		{4D88CD41-DB25-44D9-9FFF-3F2B5D12CBBD}.Release|x64.Build.0 = Release|Any CPU
		{4D88CD41-DB25-44D9-9FFF-3F2B5D12CBBD}.Release|x86.ActiveCfg = Release|Any CPU
		{4D88CD41-DB25-44D9-9FFF-3F2B5D12CBBD}.Release|x86.Build.0 = Release|Any CPU
		{0448B9BF-4464-462B-A19B-C621668076C2}.Debug|Any CPU.ActiveCfg = Debug|Any CPU
		{0448B9BF-4464-462B-A19B-C621668076C2}.Debug|Any CPU.Build.0 = Debug|Any CPU
		{0448B9BF-4464-462B-A19B-C621668076C2}.Debug|ARM.ActiveCfg = Debug|Any CPU
		{0448B9BF-4464-462B-A19B-C621668076C2}.Debug|ARM.Build.0 = Debug|Any CPU
		{0448B9BF-4464-462B-A19B-C621668076C2}.Debug|iPhone.ActiveCfg = Debug|Any CPU
		{0448B9BF-4464-462B-A19B-C621668076C2}.Debug|iPhone.Build.0 = Debug|Any CPU
		{0448B9BF-4464-462B-A19B-C621668076C2}.Debug|iPhoneSimulator.ActiveCfg = Debug|Any CPU
		{0448B9BF-4464-462B-A19B-C621668076C2}.Debug|iPhoneSimulator.Build.0 = Debug|Any CPU
		{0448B9BF-4464-462B-A19B-C621668076C2}.Debug|x64.ActiveCfg = Debug|Any CPU
		{0448B9BF-4464-462B-A19B-C621668076C2}.Debug|x64.Build.0 = Debug|Any CPU
		{0448B9BF-4464-462B-A19B-C621668076C2}.Debug|x86.ActiveCfg = Debug|Any CPU
		{0448B9BF-4464-462B-A19B-C621668076C2}.Debug|x86.Build.0 = Debug|Any CPU
		{0448B9BF-4464-462B-A19B-C621668076C2}.Release|Any CPU.ActiveCfg = Release|Any CPU
		{0448B9BF-4464-462B-A19B-C621668076C2}.Release|Any CPU.Build.0 = Release|Any CPU
		{0448B9BF-4464-462B-A19B-C621668076C2}.Release|ARM.ActiveCfg = Release|Any CPU
		{0448B9BF-4464-462B-A19B-C621668076C2}.Release|ARM.Build.0 = Release|Any CPU
		{0448B9BF-4464-462B-A19B-C621668076C2}.Release|iPhone.ActiveCfg = Release|Any CPU
		{0448B9BF-4464-462B-A19B-C621668076C2}.Release|iPhone.Build.0 = Release|Any CPU
		{0448B9BF-4464-462B-A19B-C621668076C2}.Release|iPhoneSimulator.ActiveCfg = Release|Any CPU
		{0448B9BF-4464-462B-A19B-C621668076C2}.Release|iPhoneSimulator.Build.0 = Release|Any CPU
		{0448B9BF-4464-462B-A19B-C621668076C2}.Release|x64.ActiveCfg = Release|Any CPU
		{0448B9BF-4464-462B-A19B-C621668076C2}.Release|x64.Build.0 = Release|Any CPU
		{0448B9BF-4464-462B-A19B-C621668076C2}.Release|x86.ActiveCfg = Release|Any CPU
		{0448B9BF-4464-462B-A19B-C621668076C2}.Release|x86.Build.0 = Release|Any CPU
		{D1280E9F-16FB-4E67-9A5C-966A83738E52}.Debug|Any CPU.ActiveCfg = Debug|Any CPU
		{D1280E9F-16FB-4E67-9A5C-966A83738E52}.Debug|Any CPU.Build.0 = Debug|Any CPU
		{D1280E9F-16FB-4E67-9A5C-966A83738E52}.Debug|ARM.ActiveCfg = Debug|Any CPU
		{D1280E9F-16FB-4E67-9A5C-966A83738E52}.Debug|ARM.Build.0 = Debug|Any CPU
		{D1280E9F-16FB-4E67-9A5C-966A83738E52}.Debug|iPhone.ActiveCfg = Debug|Any CPU
		{D1280E9F-16FB-4E67-9A5C-966A83738E52}.Debug|iPhone.Build.0 = Debug|Any CPU
		{D1280E9F-16FB-4E67-9A5C-966A83738E52}.Debug|iPhoneSimulator.ActiveCfg = Debug|Any CPU
		{D1280E9F-16FB-4E67-9A5C-966A83738E52}.Debug|iPhoneSimulator.Build.0 = Debug|Any CPU
		{D1280E9F-16FB-4E67-9A5C-966A83738E52}.Debug|x64.ActiveCfg = Debug|Any CPU
		{D1280E9F-16FB-4E67-9A5C-966A83738E52}.Debug|x64.Build.0 = Debug|Any CPU
		{D1280E9F-16FB-4E67-9A5C-966A83738E52}.Debug|x86.ActiveCfg = Debug|Any CPU
		{D1280E9F-16FB-4E67-9A5C-966A83738E52}.Debug|x86.Build.0 = Debug|Any CPU
		{D1280E9F-16FB-4E67-9A5C-966A83738E52}.Release|Any CPU.ActiveCfg = Release|Any CPU
		{D1280E9F-16FB-4E67-9A5C-966A83738E52}.Release|Any CPU.Build.0 = Release|Any CPU
		{D1280E9F-16FB-4E67-9A5C-966A83738E52}.Release|ARM.ActiveCfg = Release|Any CPU
		{D1280E9F-16FB-4E67-9A5C-966A83738E52}.Release|ARM.Build.0 = Release|Any CPU
		{D1280E9F-16FB-4E67-9A5C-966A83738E52}.Release|iPhone.ActiveCfg = Release|Any CPU
		{D1280E9F-16FB-4E67-9A5C-966A83738E52}.Release|iPhone.Build.0 = Release|Any CPU
		{D1280E9F-16FB-4E67-9A5C-966A83738E52}.Release|iPhoneSimulator.ActiveCfg = Release|Any CPU
		{D1280E9F-16FB-4E67-9A5C-966A83738E52}.Release|iPhoneSimulator.Build.0 = Release|Any CPU
		{D1280E9F-16FB-4E67-9A5C-966A83738E52}.Release|x64.ActiveCfg = Release|Any CPU
		{D1280E9F-16FB-4E67-9A5C-966A83738E52}.Release|x64.Build.0 = Release|Any CPU
		{D1280E9F-16FB-4E67-9A5C-966A83738E52}.Release|x86.ActiveCfg = Release|Any CPU
		{D1280E9F-16FB-4E67-9A5C-966A83738E52}.Release|x86.Build.0 = Release|Any CPU
		{FB9E130C-124D-49B3-BC8E-07215D943FD2}.Debug|Any CPU.ActiveCfg = Debug|Any CPU
		{FB9E130C-124D-49B3-BC8E-07215D943FD2}.Debug|Any CPU.Build.0 = Debug|Any CPU
		{FB9E130C-124D-49B3-BC8E-07215D943FD2}.Debug|ARM.ActiveCfg = Debug|Any CPU
		{FB9E130C-124D-49B3-BC8E-07215D943FD2}.Debug|ARM.Build.0 = Debug|Any CPU
		{FB9E130C-124D-49B3-BC8E-07215D943FD2}.Debug|iPhone.ActiveCfg = Debug|Any CPU
		{FB9E130C-124D-49B3-BC8E-07215D943FD2}.Debug|iPhone.Build.0 = Debug|Any CPU
		{FB9E130C-124D-49B3-BC8E-07215D943FD2}.Debug|iPhoneSimulator.ActiveCfg = Debug|Any CPU
		{FB9E130C-124D-49B3-BC8E-07215D943FD2}.Debug|iPhoneSimulator.Build.0 = Debug|Any CPU
		{FB9E130C-124D-49B3-BC8E-07215D943FD2}.Debug|x64.ActiveCfg = Debug|Any CPU
		{FB9E130C-124D-49B3-BC8E-07215D943FD2}.Debug|x64.Build.0 = Debug|Any CPU
		{FB9E130C-124D-49B3-BC8E-07215D943FD2}.Debug|x86.ActiveCfg = Debug|Any CPU
		{FB9E130C-124D-49B3-BC8E-07215D943FD2}.Debug|x86.Build.0 = Debug|Any CPU
		{FB9E130C-124D-49B3-BC8E-07215D943FD2}.Release|Any CPU.ActiveCfg = Release|Any CPU
		{FB9E130C-124D-49B3-BC8E-07215D943FD2}.Release|Any CPU.Build.0 = Release|Any CPU
		{FB9E130C-124D-49B3-BC8E-07215D943FD2}.Release|ARM.ActiveCfg = Release|Any CPU
		{FB9E130C-124D-49B3-BC8E-07215D943FD2}.Release|ARM.Build.0 = Release|Any CPU
		{FB9E130C-124D-49B3-BC8E-07215D943FD2}.Release|iPhone.ActiveCfg = Release|Any CPU
		{FB9E130C-124D-49B3-BC8E-07215D943FD2}.Release|iPhone.Build.0 = Release|Any CPU
		{FB9E130C-124D-49B3-BC8E-07215D943FD2}.Release|iPhoneSimulator.ActiveCfg = Release|Any CPU
		{FB9E130C-124D-49B3-BC8E-07215D943FD2}.Release|iPhoneSimulator.Build.0 = Release|Any CPU
		{FB9E130C-124D-49B3-BC8E-07215D943FD2}.Release|x64.ActiveCfg = Release|Any CPU
		{FB9E130C-124D-49B3-BC8E-07215D943FD2}.Release|x64.Build.0 = Release|Any CPU
		{FB9E130C-124D-49B3-BC8E-07215D943FD2}.Release|x86.ActiveCfg = Release|Any CPU
		{FB9E130C-124D-49B3-BC8E-07215D943FD2}.Release|x86.Build.0 = Release|Any CPU
		{DF371C8D-38A4-49CB-B9D5-61A536E57D48}.Debug|Any CPU.ActiveCfg = Debug|Any CPU
		{DF371C8D-38A4-49CB-B9D5-61A536E57D48}.Debug|Any CPU.Build.0 = Debug|Any CPU
		{DF371C8D-38A4-49CB-B9D5-61A536E57D48}.Debug|ARM.ActiveCfg = Debug|Any CPU
		{DF371C8D-38A4-49CB-B9D5-61A536E57D48}.Debug|ARM.Build.0 = Debug|Any CPU
		{DF371C8D-38A4-49CB-B9D5-61A536E57D48}.Debug|iPhone.ActiveCfg = Debug|Any CPU
		{DF371C8D-38A4-49CB-B9D5-61A536E57D48}.Debug|iPhone.Build.0 = Debug|Any CPU
		{DF371C8D-38A4-49CB-B9D5-61A536E57D48}.Debug|iPhoneSimulator.ActiveCfg = Debug|Any CPU
		{DF371C8D-38A4-49CB-B9D5-61A536E57D48}.Debug|iPhoneSimulator.Build.0 = Debug|Any CPU
		{DF371C8D-38A4-49CB-B9D5-61A536E57D48}.Debug|x64.ActiveCfg = Debug|Any CPU
		{DF371C8D-38A4-49CB-B9D5-61A536E57D48}.Debug|x64.Build.0 = Debug|Any CPU
		{DF371C8D-38A4-49CB-B9D5-61A536E57D48}.Debug|x86.ActiveCfg = Debug|Any CPU
		{DF371C8D-38A4-49CB-B9D5-61A536E57D48}.Debug|x86.Build.0 = Debug|Any CPU
		{DF371C8D-38A4-49CB-B9D5-61A536E57D48}.Release|Any CPU.ActiveCfg = Release|Any CPU
		{DF371C8D-38A4-49CB-B9D5-61A536E57D48}.Release|Any CPU.Build.0 = Release|Any CPU
		{DF371C8D-38A4-49CB-B9D5-61A536E57D48}.Release|ARM.ActiveCfg = Release|Any CPU
		{DF371C8D-38A4-49CB-B9D5-61A536E57D48}.Release|ARM.Build.0 = Release|Any CPU
		{DF371C8D-38A4-49CB-B9D5-61A536E57D48}.Release|iPhone.ActiveCfg = Release|Any CPU
		{DF371C8D-38A4-49CB-B9D5-61A536E57D48}.Release|iPhone.Build.0 = Release|Any CPU
		{DF371C8D-38A4-49CB-B9D5-61A536E57D48}.Release|iPhoneSimulator.ActiveCfg = Release|Any CPU
		{DF371C8D-38A4-49CB-B9D5-61A536E57D48}.Release|iPhoneSimulator.Build.0 = Release|Any CPU
		{DF371C8D-38A4-49CB-B9D5-61A536E57D48}.Release|x64.ActiveCfg = Release|Any CPU
		{DF371C8D-38A4-49CB-B9D5-61A536E57D48}.Release|x64.Build.0 = Release|Any CPU
		{DF371C8D-38A4-49CB-B9D5-61A536E57D48}.Release|x86.ActiveCfg = Release|Any CPU
		{DF371C8D-38A4-49CB-B9D5-61A536E57D48}.Release|x86.Build.0 = Release|Any CPU
		{A1910230-0491-48BD-A984-6A190263021E}.Debug|Any CPU.ActiveCfg = Debug|Any CPU
		{A1910230-0491-48BD-A984-6A190263021E}.Debug|Any CPU.Build.0 = Debug|Any CPU
		{A1910230-0491-48BD-A984-6A190263021E}.Debug|ARM.ActiveCfg = Debug|Any CPU
		{A1910230-0491-48BD-A984-6A190263021E}.Debug|ARM.Build.0 = Debug|Any CPU
		{A1910230-0491-48BD-A984-6A190263021E}.Debug|iPhone.ActiveCfg = Debug|Any CPU
		{A1910230-0491-48BD-A984-6A190263021E}.Debug|iPhone.Build.0 = Debug|Any CPU
		{A1910230-0491-48BD-A984-6A190263021E}.Debug|iPhoneSimulator.ActiveCfg = Debug|Any CPU
		{A1910230-0491-48BD-A984-6A190263021E}.Debug|iPhoneSimulator.Build.0 = Debug|Any CPU
		{A1910230-0491-48BD-A984-6A190263021E}.Debug|x64.ActiveCfg = Debug|Any CPU
		{A1910230-0491-48BD-A984-6A190263021E}.Debug|x64.Build.0 = Debug|Any CPU
		{A1910230-0491-48BD-A984-6A190263021E}.Debug|x86.ActiveCfg = Debug|Any CPU
		{A1910230-0491-48BD-A984-6A190263021E}.Debug|x86.Build.0 = Debug|Any CPU
		{A1910230-0491-48BD-A984-6A190263021E}.Release|Any CPU.ActiveCfg = Release|Any CPU
		{A1910230-0491-48BD-A984-6A190263021E}.Release|Any CPU.Build.0 = Release|Any CPU
		{A1910230-0491-48BD-A984-6A190263021E}.Release|ARM.ActiveCfg = Release|Any CPU
		{A1910230-0491-48BD-A984-6A190263021E}.Release|ARM.Build.0 = Release|Any CPU
		{A1910230-0491-48BD-A984-6A190263021E}.Release|iPhone.ActiveCfg = Release|Any CPU
		{A1910230-0491-48BD-A984-6A190263021E}.Release|iPhone.Build.0 = Release|Any CPU
		{A1910230-0491-48BD-A984-6A190263021E}.Release|iPhoneSimulator.ActiveCfg = Release|Any CPU
		{A1910230-0491-48BD-A984-6A190263021E}.Release|iPhoneSimulator.Build.0 = Release|Any CPU
		{A1910230-0491-48BD-A984-6A190263021E}.Release|x64.ActiveCfg = Release|Any CPU
		{A1910230-0491-48BD-A984-6A190263021E}.Release|x64.Build.0 = Release|Any CPU
		{A1910230-0491-48BD-A984-6A190263021E}.Release|x86.ActiveCfg = Release|Any CPU
		{A1910230-0491-48BD-A984-6A190263021E}.Release|x86.Build.0 = Release|Any CPU
		{AAAC6CB6-90BB-4901-8273-07467D5EC9DA}.Debug|Any CPU.ActiveCfg = Debug|Any CPU
		{AAAC6CB6-90BB-4901-8273-07467D5EC9DA}.Debug|Any CPU.Build.0 = Debug|Any CPU
		{AAAC6CB6-90BB-4901-8273-07467D5EC9DA}.Debug|ARM.ActiveCfg = Debug|Any CPU
		{AAAC6CB6-90BB-4901-8273-07467D5EC9DA}.Debug|ARM.Build.0 = Debug|Any CPU
		{AAAC6CB6-90BB-4901-8273-07467D5EC9DA}.Debug|iPhone.ActiveCfg = Debug|Any CPU
		{AAAC6CB6-90BB-4901-8273-07467D5EC9DA}.Debug|iPhone.Build.0 = Debug|Any CPU
		{AAAC6CB6-90BB-4901-8273-07467D5EC9DA}.Debug|iPhoneSimulator.ActiveCfg = Debug|Any CPU
		{AAAC6CB6-90BB-4901-8273-07467D5EC9DA}.Debug|iPhoneSimulator.Build.0 = Debug|Any CPU
		{AAAC6CB6-90BB-4901-8273-07467D5EC9DA}.Debug|x64.ActiveCfg = Debug|Any CPU
		{AAAC6CB6-90BB-4901-8273-07467D5EC9DA}.Debug|x64.Build.0 = Debug|Any CPU
		{AAAC6CB6-90BB-4901-8273-07467D5EC9DA}.Debug|x86.ActiveCfg = Debug|Any CPU
		{AAAC6CB6-90BB-4901-8273-07467D5EC9DA}.Debug|x86.Build.0 = Debug|Any CPU
		{AAAC6CB6-90BB-4901-8273-07467D5EC9DA}.Release|Any CPU.ActiveCfg = Release|Any CPU
		{AAAC6CB6-90BB-4901-8273-07467D5EC9DA}.Release|Any CPU.Build.0 = Release|Any CPU
		{AAAC6CB6-90BB-4901-8273-07467D5EC9DA}.Release|ARM.ActiveCfg = Release|Any CPU
		{AAAC6CB6-90BB-4901-8273-07467D5EC9DA}.Release|ARM.Build.0 = Release|Any CPU
		{AAAC6CB6-90BB-4901-8273-07467D5EC9DA}.Release|iPhone.ActiveCfg = Release|Any CPU
		{AAAC6CB6-90BB-4901-8273-07467D5EC9DA}.Release|iPhone.Build.0 = Release|Any CPU
		{AAAC6CB6-90BB-4901-8273-07467D5EC9DA}.Release|iPhoneSimulator.ActiveCfg = Release|Any CPU
		{AAAC6CB6-90BB-4901-8273-07467D5EC9DA}.Release|iPhoneSimulator.Build.0 = Release|Any CPU
		{AAAC6CB6-90BB-4901-8273-07467D5EC9DA}.Release|x64.ActiveCfg = Release|Any CPU
		{AAAC6CB6-90BB-4901-8273-07467D5EC9DA}.Release|x64.Build.0 = Release|Any CPU
		{AAAC6CB6-90BB-4901-8273-07467D5EC9DA}.Release|x86.ActiveCfg = Release|Any CPU
		{AAAC6CB6-90BB-4901-8273-07467D5EC9DA}.Release|x86.Build.0 = Release|Any CPU
		{24CE3C36-16B9-426D-AA0C-5961ECF8D88C}.Debug|Any CPU.ActiveCfg = Debug|Any CPU
		{24CE3C36-16B9-426D-AA0C-5961ECF8D88C}.Debug|Any CPU.Build.0 = Debug|Any CPU
		{24CE3C36-16B9-426D-AA0C-5961ECF8D88C}.Debug|Any CPU.Deploy.0 = Debug|Any CPU
		{24CE3C36-16B9-426D-AA0C-5961ECF8D88C}.Debug|ARM.ActiveCfg = Debug|Any CPU
		{24CE3C36-16B9-426D-AA0C-5961ECF8D88C}.Debug|ARM.Build.0 = Debug|Any CPU
		{24CE3C36-16B9-426D-AA0C-5961ECF8D88C}.Debug|ARM.Deploy.0 = Debug|Any CPU
		{24CE3C36-16B9-426D-AA0C-5961ECF8D88C}.Debug|iPhone.ActiveCfg = Debug|Any CPU
		{24CE3C36-16B9-426D-AA0C-5961ECF8D88C}.Debug|iPhone.Build.0 = Debug|Any CPU
		{24CE3C36-16B9-426D-AA0C-5961ECF8D88C}.Debug|iPhone.Deploy.0 = Debug|Any CPU
		{24CE3C36-16B9-426D-AA0C-5961ECF8D88C}.Debug|iPhoneSimulator.ActiveCfg = Debug|Any CPU
		{24CE3C36-16B9-426D-AA0C-5961ECF8D88C}.Debug|iPhoneSimulator.Build.0 = Debug|Any CPU
		{24CE3C36-16B9-426D-AA0C-5961ECF8D88C}.Debug|iPhoneSimulator.Deploy.0 = Debug|Any CPU
		{24CE3C36-16B9-426D-AA0C-5961ECF8D88C}.Debug|x64.ActiveCfg = Debug|Any CPU
		{24CE3C36-16B9-426D-AA0C-5961ECF8D88C}.Debug|x64.Build.0 = Debug|Any CPU
		{24CE3C36-16B9-426D-AA0C-5961ECF8D88C}.Debug|x64.Deploy.0 = Debug|Any CPU
		{24CE3C36-16B9-426D-AA0C-5961ECF8D88C}.Debug|x86.ActiveCfg = Debug|Any CPU
		{24CE3C36-16B9-426D-AA0C-5961ECF8D88C}.Debug|x86.Build.0 = Debug|Any CPU
		{24CE3C36-16B9-426D-AA0C-5961ECF8D88C}.Debug|x86.Deploy.0 = Debug|Any CPU
		{24CE3C36-16B9-426D-AA0C-5961ECF8D88C}.Release|Any CPU.ActiveCfg = Release|Any CPU
		{24CE3C36-16B9-426D-AA0C-5961ECF8D88C}.Release|Any CPU.Build.0 = Release|Any CPU
		{24CE3C36-16B9-426D-AA0C-5961ECF8D88C}.Release|Any CPU.Deploy.0 = Release|Any CPU
		{24CE3C36-16B9-426D-AA0C-5961ECF8D88C}.Release|ARM.ActiveCfg = Release|Any CPU
		{24CE3C36-16B9-426D-AA0C-5961ECF8D88C}.Release|ARM.Build.0 = Release|Any CPU
		{24CE3C36-16B9-426D-AA0C-5961ECF8D88C}.Release|ARM.Deploy.0 = Release|Any CPU
		{24CE3C36-16B9-426D-AA0C-5961ECF8D88C}.Release|iPhone.ActiveCfg = Release|Any CPU
		{24CE3C36-16B9-426D-AA0C-5961ECF8D88C}.Release|iPhone.Build.0 = Release|Any CPU
		{24CE3C36-16B9-426D-AA0C-5961ECF8D88C}.Release|iPhone.Deploy.0 = Release|Any CPU
		{24CE3C36-16B9-426D-AA0C-5961ECF8D88C}.Release|iPhoneSimulator.ActiveCfg = Release|Any CPU
		{24CE3C36-16B9-426D-AA0C-5961ECF8D88C}.Release|iPhoneSimulator.Build.0 = Release|Any CPU
		{24CE3C36-16B9-426D-AA0C-5961ECF8D88C}.Release|iPhoneSimulator.Deploy.0 = Release|Any CPU
		{24CE3C36-16B9-426D-AA0C-5961ECF8D88C}.Release|x64.ActiveCfg = Release|Any CPU
		{24CE3C36-16B9-426D-AA0C-5961ECF8D88C}.Release|x64.Build.0 = Release|Any CPU
		{24CE3C36-16B9-426D-AA0C-5961ECF8D88C}.Release|x64.Deploy.0 = Release|Any CPU
		{24CE3C36-16B9-426D-AA0C-5961ECF8D88C}.Release|x86.ActiveCfg = Release|Any CPU
		{24CE3C36-16B9-426D-AA0C-5961ECF8D88C}.Release|x86.Build.0 = Release|Any CPU
		{24CE3C36-16B9-426D-AA0C-5961ECF8D88C}.Release|x86.Deploy.0 = Release|Any CPU
		{42E81CEE-ED84-48F5-8F6B-B501182DB89A}.Debug|Any CPU.ActiveCfg = Debug|iPhone
		{42E81CEE-ED84-48F5-8F6B-B501182DB89A}.Debug|ARM.ActiveCfg = Debug|iPhone
		{42E81CEE-ED84-48F5-8F6B-B501182DB89A}.Debug|iPhone.ActiveCfg = Debug|iPhone
		{42E81CEE-ED84-48F5-8F6B-B501182DB89A}.Debug|iPhone.Build.0 = Debug|iPhone
		{42E81CEE-ED84-48F5-8F6B-B501182DB89A}.Debug|iPhoneSimulator.ActiveCfg = Debug|iPhoneSimulator
		{42E81CEE-ED84-48F5-8F6B-B501182DB89A}.Debug|iPhoneSimulator.Build.0 = Debug|iPhoneSimulator
		{42E81CEE-ED84-48F5-8F6B-B501182DB89A}.Debug|x64.ActiveCfg = Debug|iPhone
		{42E81CEE-ED84-48F5-8F6B-B501182DB89A}.Debug|x86.ActiveCfg = Debug|iPhone
		{42E81CEE-ED84-48F5-8F6B-B501182DB89A}.Release|Any CPU.ActiveCfg = Release|iPhone
		{42E81CEE-ED84-48F5-8F6B-B501182DB89A}.Release|ARM.ActiveCfg = Release|iPhone
		{42E81CEE-ED84-48F5-8F6B-B501182DB89A}.Release|iPhone.ActiveCfg = Release|iPhone
		{42E81CEE-ED84-48F5-8F6B-B501182DB89A}.Release|iPhone.Build.0 = Release|iPhone
		{42E81CEE-ED84-48F5-8F6B-B501182DB89A}.Release|iPhoneSimulator.ActiveCfg = Release|iPhoneSimulator
		{42E81CEE-ED84-48F5-8F6B-B501182DB89A}.Release|iPhoneSimulator.Build.0 = Release|iPhoneSimulator
		{42E81CEE-ED84-48F5-8F6B-B501182DB89A}.Release|x64.ActiveCfg = Release|iPhone
		{42E81CEE-ED84-48F5-8F6B-B501182DB89A}.Release|x86.ActiveCfg = Release|iPhone
		{5181CC35-B845-415E-8CFB-9E017C85E4C2}.Debug|Any CPU.ActiveCfg = Debug|x86
		{5181CC35-B845-415E-8CFB-9E017C85E4C2}.Debug|ARM.ActiveCfg = Debug|ARM
		{5181CC35-B845-415E-8CFB-9E017C85E4C2}.Debug|ARM.Build.0 = Debug|ARM
		{5181CC35-B845-415E-8CFB-9E017C85E4C2}.Debug|ARM.Deploy.0 = Debug|ARM
		{5181CC35-B845-415E-8CFB-9E017C85E4C2}.Debug|iPhone.ActiveCfg = Debug|x86
		{5181CC35-B845-415E-8CFB-9E017C85E4C2}.Debug|iPhoneSimulator.ActiveCfg = Debug|x86
		{5181CC35-B845-415E-8CFB-9E017C85E4C2}.Debug|x64.ActiveCfg = Debug|x64
		{5181CC35-B845-415E-8CFB-9E017C85E4C2}.Debug|x64.Build.0 = Debug|x64
		{5181CC35-B845-415E-8CFB-9E017C85E4C2}.Debug|x64.Deploy.0 = Debug|x64
		{5181CC35-B845-415E-8CFB-9E017C85E4C2}.Debug|x86.ActiveCfg = Debug|x86
		{5181CC35-B845-415E-8CFB-9E017C85E4C2}.Debug|x86.Build.0 = Debug|x86
		{5181CC35-B845-415E-8CFB-9E017C85E4C2}.Debug|x86.Deploy.0 = Debug|x86
		{5181CC35-B845-415E-8CFB-9E017C85E4C2}.Release|Any CPU.ActiveCfg = Release|x86
		{5181CC35-B845-415E-8CFB-9E017C85E4C2}.Release|ARM.ActiveCfg = Release|ARM
		{5181CC35-B845-415E-8CFB-9E017C85E4C2}.Release|ARM.Build.0 = Release|ARM
		{5181CC35-B845-415E-8CFB-9E017C85E4C2}.Release|ARM.Deploy.0 = Release|ARM
		{5181CC35-B845-415E-8CFB-9E017C85E4C2}.Release|iPhone.ActiveCfg = Release|x86
		{5181CC35-B845-415E-8CFB-9E017C85E4C2}.Release|iPhoneSimulator.ActiveCfg = Release|x86
		{5181CC35-B845-415E-8CFB-9E017C85E4C2}.Release|x64.ActiveCfg = Release|x64
		{5181CC35-B845-415E-8CFB-9E017C85E4C2}.Release|x64.Build.0 = Release|x64
		{5181CC35-B845-415E-8CFB-9E017C85E4C2}.Release|x64.Deploy.0 = Release|x64
		{5181CC35-B845-415E-8CFB-9E017C85E4C2}.Release|x86.ActiveCfg = Release|x86
		{5181CC35-B845-415E-8CFB-9E017C85E4C2}.Release|x86.Build.0 = Release|x86
		{5181CC35-B845-415E-8CFB-9E017C85E4C2}.Release|x86.Deploy.0 = Release|x86
		{EB3ACF4E-7031-4ED7-9A9B-C2AC204D7607}.Debug|Any CPU.ActiveCfg = Debug|Any CPU
		{EB3ACF4E-7031-4ED7-9A9B-C2AC204D7607}.Debug|Any CPU.Build.0 = Debug|Any CPU
		{EB3ACF4E-7031-4ED7-9A9B-C2AC204D7607}.Debug|ARM.ActiveCfg = Debug|Any CPU
		{EB3ACF4E-7031-4ED7-9A9B-C2AC204D7607}.Debug|ARM.Build.0 = Debug|Any CPU
		{EB3ACF4E-7031-4ED7-9A9B-C2AC204D7607}.Debug|iPhone.ActiveCfg = Debug|Any CPU
		{EB3ACF4E-7031-4ED7-9A9B-C2AC204D7607}.Debug|iPhone.Build.0 = Debug|Any CPU
		{EB3ACF4E-7031-4ED7-9A9B-C2AC204D7607}.Debug|iPhoneSimulator.ActiveCfg = Debug|Any CPU
		{EB3ACF4E-7031-4ED7-9A9B-C2AC204D7607}.Debug|iPhoneSimulator.Build.0 = Debug|Any CPU
		{EB3ACF4E-7031-4ED7-9A9B-C2AC204D7607}.Debug|x64.ActiveCfg = Debug|Any CPU
		{EB3ACF4E-7031-4ED7-9A9B-C2AC204D7607}.Debug|x64.Build.0 = Debug|Any CPU
		{EB3ACF4E-7031-4ED7-9A9B-C2AC204D7607}.Debug|x86.ActiveCfg = Debug|Any CPU
		{EB3ACF4E-7031-4ED7-9A9B-C2AC204D7607}.Debug|x86.Build.0 = Debug|Any CPU
		{EB3ACF4E-7031-4ED7-9A9B-C2AC204D7607}.Release|Any CPU.ActiveCfg = Release|Any CPU
		{EB3ACF4E-7031-4ED7-9A9B-C2AC204D7607}.Release|Any CPU.Build.0 = Release|Any CPU
		{EB3ACF4E-7031-4ED7-9A9B-C2AC204D7607}.Release|ARM.ActiveCfg = Release|Any CPU
		{EB3ACF4E-7031-4ED7-9A9B-C2AC204D7607}.Release|ARM.Build.0 = Release|Any CPU
		{EB3ACF4E-7031-4ED7-9A9B-C2AC204D7607}.Release|iPhone.ActiveCfg = Release|Any CPU
		{EB3ACF4E-7031-4ED7-9A9B-C2AC204D7607}.Release|iPhone.Build.0 = Release|Any CPU
		{EB3ACF4E-7031-4ED7-9A9B-C2AC204D7607}.Release|iPhoneSimulator.ActiveCfg = Release|Any CPU
		{EB3ACF4E-7031-4ED7-9A9B-C2AC204D7607}.Release|iPhoneSimulator.Build.0 = Release|Any CPU
		{EB3ACF4E-7031-4ED7-9A9B-C2AC204D7607}.Release|x64.ActiveCfg = Release|Any CPU
		{EB3ACF4E-7031-4ED7-9A9B-C2AC204D7607}.Release|x64.Build.0 = Release|Any CPU
		{EB3ACF4E-7031-4ED7-9A9B-C2AC204D7607}.Release|x86.ActiveCfg = Release|Any CPU
		{EB3ACF4E-7031-4ED7-9A9B-C2AC204D7607}.Release|x86.Build.0 = Release|Any CPU
	EndGlobalSection
	GlobalSection(SolutionProperties) = preSolution
		HideSolutionNode = FALSE
	EndGlobalSection
	GlobalSection(ExtensibilityGlobals) = postSolution
		SolutionGuid = {A5EA1FA3-67DC-42CB-BF10-D96869F09995}
	EndGlobalSection
EndGlobal
